
Microsoft Visual Studio Solution File, Format Version 12.00
# Visual Studio Version 17
VisualStudioVersion = 17.14.36511.14 d17.14
MinimumVisualStudioVersion = 10.0.40219.1
Project("{FAE04EC0-301F-11D3-BF4B-00C04F79EFBC}") = "SistemaGestao", "SistemaGestao\SistemaGestao.csproj", "{BDAAA245-4901-4923-9ABD-9DD5A2CD208F}"
EndProject
Global
	GlobalSection(SolutionConfigurationPlatforms) = preSolution
		Debug|Any CPU = Debug|Any CPU
		Release|Any CPU = Release|Any CPU
	EndGlobalSection
	GlobalSection(ProjectConfigurationPlatforms) = postSolution
		{BDAAA245-4901-4923-9ABD-9DD5A2CD208F}.Debug|Any CPU.ActiveCfg = Debug|Any CPU
		{BDAAA245-4901-4923-9ABD-9DD5A2CD208F}.Debug|Any CPU.Build.0 = Debug|Any CPU
		{BDAAA245-4901-4923-9ABD-9DD5A2CD208F}.Release|Any CPU.ActiveCfg = Release|Any CPU
		{BDAAA245-4901-4923-9ABD-9DD5A2CD208F}.Release|Any CPU.Build.0 = Release|Any CPU
	EndGlobalSection
	GlobalSection(SolutionProperties) = preSolution
		HideSolutionNode = FALSE
	EndGlobalSection
	GlobalSection(ExtensibilityGlobals) = postSolution
		SolutionGuid = {D8D3BD14-C26C-4E80-AD68-5E365E5B9060}
	EndGlobalSection
EndGlobal
